
Microsoft Visual Studio Solution File, Format Version 12.00
# Visual Studio Version 17
VisualStudioVersion = 17.1.32319.34
MinimumVisualStudioVersion = 10.0.40219.1
Project("{FAE04EC0-301F-11D3-BF4B-00C04F79EFBC}") = "MVCCodeFirst", "MVCCodeFirst\MVCCodeFirst.csproj", "{AFFF9AE0-69AE-4D47-9DB4-DBB078645346}"
EndProject
Global
	GlobalSection(SolutionConfigurationPlatforms) = preSolution
		Debug|Any CPU = Debug|Any CPU
		Release|Any CPU = Release|Any CPU
	EndGlobalSection
	GlobalSection(ProjectConfigurationPlatforms) = postSolution
		{AFFF9AE0-69AE-4D47-9DB4-DBB078645346}.Debug|Any CPU.ActiveCfg = Debug|Any CPU
		{AFFF9AE0-69AE-4D47-9DB4-DBB078645346}.Debug|Any CPU.Build.0 = Debug|Any CPU
		{AFFF9AE0-69AE-4D47-9DB4-DBB078645346}.Release|Any CPU.ActiveCfg = Release|Any CPU
		{AFFF9AE0-69AE-4D47-9DB4-DBB078645346}.Release|Any CPU.Build.0 = Release|Any CPU
	EndGlobalSection
	GlobalSection(SolutionProperties) = preSolution
		HideSolutionNode = FALSE
	EndGlobalSection
	GlobalSection(ExtensibilityGlobals) = postSolution
		SolutionGuid = {BC8EC48B-2F32-4B4A-8A01-7094465012AD}
	EndGlobalSection
EndGlobal
